
Microsoft Visual Studio Solution File, Format Version 12.00
# Visual Studio Version 17
VisualStudioVersion = 17.3.32825.248
MinimumVisualStudioVersion = 10.0.40219.1
Project("{FAE04EC0-301F-11D3-BF4B-00C04F79EFBC}") = "LR_6_2_2", "LR_6_2_2\LR_6_2_2.csproj", "{C1E3C6D5-DAEE-49CD-A096-7ECB94BE4265}"
EndProject
Global
	GlobalSection(SolutionConfigurationPlatforms) = preSolution
		Debug|Any CPU = Debug|Any CPU
		Release|Any CPU = Release|Any CPU
	EndGlobalSection
	GlobalSection(ProjectConfigurationPlatforms) = postSolution
		{C1E3C6D5-DAEE-49CD-A096-7ECB94BE4265}.Debug|Any CPU.ActiveCfg = Debug|Any CPU
		{C1E3C6D5-DAEE-49CD-A096-7ECB94BE4265}.Debug|Any CPU.Build.0 = Debug|Any CPU
		{C1E3C6D5-DAEE-49CD-A096-7ECB94BE4265}.Release|Any CPU.ActiveCfg = Release|Any CPU
		{C1E3C6D5-DAEE-49CD-A096-7ECB94BE4265}.Release|Any CPU.Build.0 = Release|Any CPU
	EndGlobalSection
	GlobalSection(SolutionProperties) = preSolution
		HideSolutionNode = FALSE
	EndGlobalSection
	GlobalSection(ExtensibilityGlobals) = postSolution
		SolutionGuid = {3264F0DB-1A8A-4CA3-B91E-959A729EDD40}
	EndGlobalSection
EndGlobal
