
Microsoft Visual Studio Solution File, Format Version 12.00
# Visual Studio Version 17
VisualStudioVersion = 17.3.32825.248
MinimumVisualStudioVersion = 10.0.40219.1
Project("{FAE04EC0-301F-11D3-BF4B-00C04F79EFBC}") = "LR_4_2_2", "LR_4_2_2\LR_4_2_2.csproj", "{D19BC57C-D29E-4505-BF49-D8A66974743A}"
EndProject
Global
	GlobalSection(SolutionConfigurationPlatforms) = preSolution
		Debug|Any CPU = Debug|Any CPU
		Release|Any CPU = Release|Any CPU
	EndGlobalSection
	GlobalSection(ProjectConfigurationPlatforms) = postSolution
		{D19BC57C-D29E-4505-BF49-D8A66974743A}.Debug|Any CPU.ActiveCfg = Debug|Any CPU
		{D19BC57C-D29E-4505-BF49-D8A66974743A}.Debug|Any CPU.Build.0 = Debug|Any CPU
		{D19BC57C-D29E-4505-BF49-D8A66974743A}.Release|Any CPU.ActiveCfg = Release|Any CPU
		{D19BC57C-D29E-4505-BF49-D8A66974743A}.Release|Any CPU.Build.0 = Release|Any CPU
	EndGlobalSection
	GlobalSection(SolutionProperties) = preSolution
		HideSolutionNode = FALSE
	EndGlobalSection
	GlobalSection(ExtensibilityGlobals) = postSolution
		SolutionGuid = {64679545-F5A3-4926-8332-CE14D6AE62A3}
	EndGlobalSection
EndGlobal
