
Microsoft Visual Studio Solution File, Format Version 12.00
# Visual Studio Version 17
VisualStudioVersion = 17.3.32825.248
MinimumVisualStudioVersion = 10.0.40219.1
Project("{FAE04EC0-301F-11D3-BF4B-00C04F79EFBC}") = "LR_3_3_2", "LR_3_3_2\LR_3_3_2.csproj", "{1496373B-7363-4FB7-A3DD-E7DCD9C5981A}"
EndProject
Global
	GlobalSection(SolutionConfigurationPlatforms) = preSolution
		Debug|Any CPU = Debug|Any CPU
		Release|Any CPU = Release|Any CPU
	EndGlobalSection
	GlobalSection(ProjectConfigurationPlatforms) = postSolution
		{1496373B-7363-4FB7-A3DD-E7DCD9C5981A}.Debug|Any CPU.ActiveCfg = Debug|Any CPU
		{1496373B-7363-4FB7-A3DD-E7DCD9C5981A}.Debug|Any CPU.Build.0 = Debug|Any CPU
		{1496373B-7363-4FB7-A3DD-E7DCD9C5981A}.Release|Any CPU.ActiveCfg = Release|Any CPU
		{1496373B-7363-4FB7-A3DD-E7DCD9C5981A}.Release|Any CPU.Build.0 = Release|Any CPU
	EndGlobalSection
	GlobalSection(SolutionProperties) = preSolution
		HideSolutionNode = FALSE
	EndGlobalSection
	GlobalSection(ExtensibilityGlobals) = postSolution
		SolutionGuid = {0A71401D-7412-450F-B4DE-6837FB761065}
	EndGlobalSection
EndGlobal
